{
  "name": "nodebb-plugin-composer-bbcode",
  "version": "4.4.17",
  "lockfileVersion": 1,
  "dependencies": {
    "screenfull": {
      "version": "3.0.0",
      "resolved": "https://registry.npmjs.org/screenfull/-/screenfull-3.0.0.tgz",
      "integrity": "sha1-5wJA2vZDL78OT5pIRCXmf3WkuoM="
    }
  }
}
